
Microsoft Visual Studio Solution File, Format Version 12.00
# Visual Studio Version 17
VisualStudioVersion = 17.5.33627.172
MinimumVisualStudioVersion = 10.0.40219.1
Project("{FAE04EC0-301F-11D3-BF4B-00C04F79EFBC}") = "GUNS", "GUNS\GUNS.csproj", "{803C2842-0124-402E-9E08-E9D4477F8314}"
EndProject
Global
	GlobalSection(SolutionConfigurationPlatforms) = preSolution
		Debug|Any CPU = Debug|Any CPU
		Release|Any CPU = Release|Any CPU
	EndGlobalSection
	GlobalSection(ProjectConfigurationPlatforms) = postSolution
		{803C2842-0124-402E-9E08-E9D4477F8314}.Debug|Any CPU.ActiveCfg = Debug|Any CPU
		{803C2842-0124-402E-9E08-E9D4477F8314}.Debug|Any CPU.Build.0 = Debug|Any CPU
		{803C2842-0124-402E-9E08-E9D4477F8314}.Release|Any CPU.ActiveCfg = Release|Any CPU
		{803C2842-0124-402E-9E08-E9D4477F8314}.Release|Any CPU.Build.0 = Release|Any CPU
	EndGlobalSection
	GlobalSection(SolutionProperties) = preSolution
		HideSolutionNode = FALSE
	EndGlobalSection
	GlobalSection(ExtensibilityGlobals) = postSolution
		SolutionGuid = {6DFB3761-3F60-4843-BD44-8742BD8AC3D3}
	EndGlobalSection
EndGlobal
